// !$*UTF8*$!
{
	archiveVersion = 1;
	classes = {
	};
	objectVersion = 46;
	objects = {

/* Begin PBXBuildFile section */
		010B28241650D05800F65A34 /* baby-girl.jpeg in Resources */ = {isa = PBXBuildFile; fileRef = 010B28231650D05800F65A34 /* baby-girl.jpeg */; };
		010B28271650E33300F65A34 /* calendar.png in Resources */ = {isa = PBXBuildFile; fileRef = 010B28261650E33300F65A34 /* calendar.png */; };
		085285371650C5F4002044C6 /* circle_images.png in Resources */ = {isa = PBXBuildFile; fileRef = 085285351650C5F4002044C6 /* circle_images.png */; };
		085285381650C5F4002044C6 /* vertical_timeline.png in Resources */ = {isa = PBXBuildFile; fileRef = 085285361650C5F4002044C6 /* vertical_timeline.png */; };
		0852853C1650C616002044C6 /* Default-568h@2x.png in Resources */ = {isa = PBXBuildFile; fileRef = 085285391650C616002044C6 /* Default-568h@2x.png */; };
		0852853D1650C616002044C6 /* Default.png in Resources */ = {isa = PBXBuildFile; fileRef = 0852853A1650C616002044C6 /* Default.png */; };
		0852853E1650C616002044C6 /* Default@2x.png in Resources */ = {isa = PBXBuildFile; fileRef = 0852853B1650C616002044C6 /* Default@2x.png */; };
		08590E0A16650367004EEE62 /* DejalActivityView.m in Sources */ = {isa = PBXBuildFile; fileRef = 08590E0916650358004EEE62 /* DejalActivityView.m */; };
		08590E2C1665D470004EEE62 /* GPSettingsViewController.m in Sources */ = {isa = PBXBuildFile; fileRef = 08590E2B1665D470004EEE62 /* GPSettingsViewController.m */; };
		08590E341665D8F2004EEE62 /* STKeychain.m in Sources */ = {isa = PBXBuildFile; fileRef = 08590E331665D8F2004EEE62 /* STKeychain.m */; settings = {COMPILER_FLAGS = "-fno-objc-arc"; }; };
		08590E7316665C32004EEE62 /* Sanchez-Regular.ttf in Resources */ = {isa = PBXBuildFile; fileRef = 08590E7216665C32004EEE62 /* Sanchez-Regular.ttf */; };
		08590E7616669943004EEE62 /* GPEntryViewController.m in Sources */ = {isa = PBXBuildFile; fileRef = 08590E7516669941004EEE62 /* GPEntryViewController.m */; };
		087B660B1666B5F200E5D840 /* addbutton@2x.png in Resources */ = {isa = PBXBuildFile; fileRef = 087B66081666B5F200E5D840 /* addbutton@2x.png */; };
		087B660C1666B5F200E5D840 /* navbar@2x.png in Resources */ = {isa = PBXBuildFile; fileRef = 087B66091666B5F200E5D840 /* navbar@2x.png */; };
		087B660D1666B5F200E5D840 /* settingsbutton@2x.png in Resources */ = {isa = PBXBuildFile; fileRef = 087B660A1666B5F200E5D840 /* settingsbutton@2x.png */; };
		087B660F1666B8CC00E5D840 /* pressedcreate.png in Resources */ = {isa = PBXBuildFile; fileRef = 087B660E1666B8CC00E5D840 /* pressedcreate.png */; };
		087B66111666BC5900E5D840 /* directionarrow_tableview@2x.png in Resources */ = {isa = PBXBuildFile; fileRef = 087B66101666BC5900E5D840 /* directionarrow_tableview@2x.png */; };
		087B66131666C0B200E5D840 /* appicon.png in Resources */ = {isa = PBXBuildFile; fileRef = 087B66121666C0B200E5D840 /* appicon.png */; };
		087B66151666C0DB00E5D840 /* appicon_sm.png in Resources */ = {isa = PBXBuildFile; fileRef = 087B66141666C0DB00E5D840 /* appicon_sm.png */; };
		087B66171666C12E00E5D840 /* carriage_line.png in Resources */ = {isa = PBXBuildFile; fileRef = 087B66161666C12E00E5D840 /* carriage_line.png */; };
		087B661B1666C3DD00E5D840 /* babyonphone.jpeg in Resources */ = {isa = PBXBuildFile; fileRef = 087B661A1666C3DD00E5D840 /* babyonphone.jpeg */; };
		087B66371668AE1A00E5D840 /* tabbar.png in Resources */ = {isa = PBXBuildFile; fileRef = 087B66361668AE1A00E5D840 /* tabbar.png */; };
		087B663A1668C2BE00E5D840 /* GPGreenButton.m in Sources */ = {isa = PBXBuildFile; fileRef = 087B66391668C2BE00E5D840 /* GPGreenButton.m */; };
		087EC509165F8620009E58B0 /* libRestKit.a in Frameworks */ = {isa = PBXBuildFile; fileRef = 087EC4FE165F856C009E58B0 /* libRestKit.a */; };
		087EC50C165F8AEE009E58B0 /* GPJournal.m in Sources */ = {isa = PBXBuildFile; fileRef = 087EC50B165F8AEE009E58B0 /* GPJournal.m */; };
		087EC51C165F99AD009E58B0 /* GPJournals.m in Sources */ = {isa = PBXBuildFile; fileRef = 087EC51B165F99AD009E58B0 /* GPJournals.m */; };
		08848EAD165AEEB000F0EE69 /* CFNetwork.framework in Frameworks */ = {isa = PBXBuildFile; fileRef = 08848EA6165AEEAF00F0EE69 /* CFNetwork.framework */; };
		08848EAE165AEEB000F0EE69 /* CoreData.framework in Frameworks */ = {isa = PBXBuildFile; fileRef = 08848EA7165AEEAF00F0EE69 /* CoreData.framework */; };
		08848EAF165AEEB000F0EE69 /* libxml2.dylib in Frameworks */ = {isa = PBXBuildFile; fileRef = 08848EA8165AEEAF00F0EE69 /* libxml2.dylib */; };
		08848EB0165AEEB000F0EE69 /* MobileCoreServices.framework in Frameworks */ = {isa = PBXBuildFile; fileRef = 08848EA9165AEEAF00F0EE69 /* MobileCoreServices.framework */; };
		08848EB1165AEEB000F0EE69 /* QuartzCore.framework in Frameworks */ = {isa = PBXBuildFile; fileRef = 08848EAA165AEEB000F0EE69 /* QuartzCore.framework */; };
		08848EB2165AEEB000F0EE69 /* Security.framework in Frameworks */ = {isa = PBXBuildFile; fileRef = 08848EAB165AEEB000F0EE69 /* Security.framework */; };
		08848EB3165AEEB000F0EE69 /* SystemConfiguration.framework in Frameworks */ = {isa = PBXBuildFile; fileRef = 08848EAC165AEEB000F0EE69 /* SystemConfiguration.framework */; };
		08848EB6165B132100F0EE69 /* Localizable.strings in Resources */ = {isa = PBXBuildFile; fileRef = 08848EB5165B132100F0EE69 /* Localizable.strings */; };
		08848EBA165B1A2800F0EE69 /* GPUser.m in Sources */ = {isa = PBXBuildFile; fileRef = 08848EB9165B1A2800F0EE69 /* GPUser.m */; };
		08848EC0165B639C00F0EE69 /* GPLoginViewController.m in Sources */ = {isa = PBXBuildFile; fileRef = 08848EBF165B639B00F0EE69 /* GPLoginViewController.m */; };
		08848EC3165B669100F0EE69 /* GPHelpers.m in Sources */ = {isa = PBXBuildFile; fileRef = 08848EC2165B669100F0EE69 /* GPHelpers.m */; };
		08848EC7165B74F500F0EE69 /* GPSignUpViewController.m in Sources */ = {isa = PBXBuildFile; fileRef = 08848EC6165B74F500F0EE69 /* GPSignUpViewController.m */; };
		08848ECA165C401A00F0EE69 /* GPUserSingleton.m in Sources */ = {isa = PBXBuildFile; fileRef = 08848EC9165C401A00F0EE69 /* GPUserSingleton.m */; };
		08848ED0165C43CA00F0EE69 /* GPConstants.m in Sources */ = {isa = PBXBuildFile; fileRef = 08848ECF165C43CA00F0EE69 /* GPConstants.m */; };
		0885CF731613C71F00B357D1 /* UIKit.framework in Frameworks */ = {isa = PBXBuildFile; fileRef = 0885CF721613C71F00B357D1 /* UIKit.framework */; };
		0885CF751613C71F00B357D1 /* Foundation.framework in Frameworks */ = {isa = PBXBuildFile; fileRef = 0885CF741613C71F00B357D1 /* Foundation.framework */; };
		0885CF771613C71F00B357D1 /* CoreGraphics.framework in Frameworks */ = {isa = PBXBuildFile; fileRef = 0885CF761613C71F00B357D1 /* CoreGraphics.framework */; };
		0885CF7D1613C71F00B357D1 /* InfoPlist.strings in Resources */ = {isa = PBXBuildFile; fileRef = 0885CF7B1613C71F00B357D1 /* InfoPlist.strings */; };
		0885CF7F1613C71F00B357D1 /* main.m in Sources */ = {isa = PBXBuildFile; fileRef = 0885CF7E1613C71F00B357D1 /* main.m */; };
		0885CF831613C71F00B357D1 /* GPAppDelegate.m in Sources */ = {isa = PBXBuildFile; fileRef = 0885CF821613C71F00B357D1 /* GPAppDelegate.m */; };
		0885CF8C1613C71F00B357D1 /* MainStoryboard.storyboard in Resources */ = {isa = PBXBuildFile; fileRef = 0885CF8A1613C71F00B357D1 /* MainStoryboard.storyboard */; };
		08A361201655F4730091B357 /* cutebaby.jpeg in Resources */ = {isa = PBXBuildFile; fileRef = 08A3611F1655F4730091B357 /* cutebaby.jpeg */; };
		08D126A41638F54D00AD9977 /* GPTimelineViewController.m in Sources */ = {isa = PBXBuildFile; fileRef = 08D126A31638F54D00AD9977 /* GPTimelineViewController.m */; };
		08D126AD1638FCC000AD9977 /* GPCreateJournalViewController.m in Sources */ = {isa = PBXBuildFile; fileRef = 08D126AC1638FCC000AD9977 /* GPCreateJournalViewController.m */; };
		341669FC1664453D0045484F /* GPJournalTabBarController.m in Sources */ = {isa = PBXBuildFile; fileRef = 341669FB1664453D0045484F /* GPJournalTabBarController.m */; };
		34166A23166496C80045484F /* GPEntry.m in Sources */ = {isa = PBXBuildFile; fileRef = 34166A22166496C80045484F /* GPEntry.m */; };
		34166A26166496D60045484F /* GPEntries.m in Sources */ = {isa = PBXBuildFile; fileRef = 34166A25166496D60045484F /* GPEntries.m */; };
		34166A2916649FEF0045484F /* GPPicture.m in Sources */ = {isa = PBXBuildFile; fileRef = 34166A2816649FEF0045484F /* GPPicture.m */; };
		34166A2C1664AD8F0045484F /* GPThumbnail.m in Sources */ = {isa = PBXBuildFile; fileRef = 34166A2B1664AD8E0045484F /* GPThumbnail.m */; };
		34486A421654B8D00059CA8C /* GPHomeScreenViewController.m in Sources */ = {isa = PBXBuildFile; fileRef = 34486A411654B8D00059CA8C /* GPHomeScreenViewController.m */; };
		3450DF1B16576A41005F0A61 /* GPCreateEntryViewController.m in Sources */ = {isa = PBXBuildFile; fileRef = 3450DF1A16576A41005F0A61 /* GPCreateEntryViewController.m */; };
		3450DF8B1661DA8F005F0A61 /* TakePhoto.png in Resources */ = {isa = PBXBuildFile; fileRef = 3450DF8A1661DA8F005F0A61 /* TakePhoto.png */; };
/* End PBXBuildFile section */

/* Begin PBXContainerItemProxy section */
		087EC4FD165F856C009E58B0 /* PBXContainerItemProxy */ = {
			isa = PBXContainerItemProxy;
			containerPortal = 087EC4F2165F856C009E58B0 /* RestKit.xcodeproj */;
			proxyType = 2;
			remoteGlobalIDString = 25160D1614564E810060A5C5;
			remoteInfo = RestKit;
		};
		087EC4FF165F856C009E58B0 /* PBXContainerItemProxy */ = {
			isa = PBXContainerItemProxy;
			containerPortal = 087EC4F2165F856C009E58B0 /* RestKit.xcodeproj */;
			proxyType = 2;
			remoteGlobalIDString = 25160D2614564E820060A5C5;
			remoteInfo = RestKitTests;
		};
		087EC501165F856C009E58B0 /* PBXContainerItemProxy */ = {
			isa = PBXContainerItemProxy;
			containerPortal = 087EC4F2165F856C009E58B0 /* RestKit.xcodeproj */;
			proxyType = 2;
			remoteGlobalIDString = 25160E62145651060060A5C5;
			remoteInfo = RestKitFramework;
		};
		087EC503165F856C009E58B0 /* PBXContainerItemProxy */ = {
			isa = PBXContainerItemProxy;
			containerPortal = 087EC4F2165F856C009E58B0 /* RestKit.xcodeproj */;
			proxyType = 2;
			remoteGlobalIDString = 25160E78145651060060A5C5;
			remoteInfo = RestKitFrameworkTests;
		};
		087EC505165F856C009E58B0 /* PBXContainerItemProxy */ = {
			isa = PBXContainerItemProxy;
			containerPortal = 087EC4F2165F856C009E58B0 /* RestKit.xcodeproj */;
			proxyType = 2;
			remoteGlobalIDString = 259C301615128079003066A2;
			remoteInfo = RestKitResources;
		};
		087EC507165F85CB009E58B0 /* PBXContainerItemProxy */ = {
			isa = PBXContainerItemProxy;
			containerPortal = 087EC4F2165F856C009E58B0 /* RestKit.xcodeproj */;
			proxyType = 1;
			remoteGlobalIDString = 25160D1514564E810060A5C5;
			remoteInfo = RestKit;
		};
/* End PBXContainerItemProxy section */

/* Begin PBXFileReference section */
		010B28231650D05800F65A34 /* baby-girl.jpeg */ = {isa = PBXFileReference; lastKnownFileType = image.jpeg; path = "baby-girl.jpeg"; sourceTree = "<group>"; };
		010B28261650E33300F65A34 /* calendar.png */ = {isa = PBXFileReference; lastKnownFileType = image.png; path = calendar.png; sourceTree = "<group>"; };
		085285351650C5F4002044C6 /* circle_images.png */ = {isa = PBXFileReference; lastKnownFileType = image.png; name = circle_images.png; path = Art/circle_images.png; sourceTree = "<group>"; };
		085285361650C5F4002044C6 /* vertical_timeline.png */ = {isa = PBXFileReference; lastKnownFileType = image.png; name = vertical_timeline.png; path = Art/vertical_timeline.png; sourceTree = "<group>"; };
		085285391650C616002044C6 /* Default-568h@2x.png */ = {isa = PBXFileReference; lastKnownFileType = image.png; name = "Default-568h@2x.png"; path = "Art/Default-568h@2x.png"; sourceTree = "<group>"; };
		0852853A1650C616002044C6 /* Default.png */ = {isa = PBXFileReference; lastKnownFileType = image.png; name = Default.png; path = Art/Default.png; sourceTree = "<group>"; };
		0852853B1650C616002044C6 /* Default@2x.png */ = {isa = PBXFileReference; lastKnownFileType = image.png; name = "Default@2x.png"; path = "Art/Default@2x.png"; sourceTree = "<group>"; };
		08590E0816650358004EEE62 /* DejalActivityView.h */ = {isa = PBXFileReference; lastKnownFileType = sourcecode.c.h; path = DejalActivityView.h; sourceTree = "<group>"; };
		08590E0916650358004EEE62 /* DejalActivityView.m */ = {isa = PBXFileReference; lastKnownFileType = sourcecode.c.objc; path = DejalActivityView.m; sourceTree = "<group>"; };
		08590E2A1665D470004EEE62 /* GPSettingsViewController.h */ = {isa = PBXFileReference; fileEncoding = 4; lastKnownFileType = sourcecode.c.h; path = GPSettingsViewController.h; sourceTree = "<group>"; };
		08590E2B1665D470004EEE62 /* GPSettingsViewController.m */ = {isa = PBXFileReference; fileEncoding = 4; lastKnownFileType = sourcecode.c.objc; path = GPSettingsViewController.m; sourceTree = "<group>"; };
		08590E321665D8F2004EEE62 /* STKeychain.h */ = {isa = PBXFileReference; fileEncoding = 4; lastKnownFileType = sourcecode.c.h; path = STKeychain.h; sourceTree = "<group>"; };
		08590E331665D8F2004EEE62 /* STKeychain.m */ = {isa = PBXFileReference; fileEncoding = 4; lastKnownFileType = sourcecode.c.objc; path = STKeychain.m; sourceTree = "<group>"; };
		08590E7216665C32004EEE62 /* Sanchez-Regular.ttf */ = {isa = PBXFileReference; lastKnownFileType = file; path = "Sanchez-Regular.ttf"; sourceTree = "<group>"; };
		08590E7416669940004EEE62 /* GPEntryViewController.h */ = {isa = PBXFileReference; fileEncoding = 4; lastKnownFileType = sourcecode.c.h; path = GPEntryViewController.h; sourceTree = "<group>"; };
		08590E7516669941004EEE62 /* GPEntryViewController.m */ = {isa = PBXFileReference; fileEncoding = 4; lastKnownFileType = sourcecode.c.objc; path = GPEntryViewController.m; sourceTree = "<group>"; };
		087B66081666B5F200E5D840 /* addbutton@2x.png */ = {isa = PBXFileReference; lastKnownFileType = image.png; path = "addbutton@2x.png"; sourceTree = "<group>"; };
		087B66091666B5F200E5D840 /* navbar@2x.png */ = {isa = PBXFileReference; lastKnownFileType = image.png; path = "navbar@2x.png"; sourceTree = "<group>"; };
		087B660A1666B5F200E5D840 /* settingsbutton@2x.png */ = {isa = PBXFileReference; lastKnownFileType = image.png; path = "settingsbutton@2x.png"; sourceTree = "<group>"; };
		087B660E1666B8CC00E5D840 /* pressedcreate.png */ = {isa = PBXFileReference; lastKnownFileType = image.png; path = pressedcreate.png; sourceTree = "<group>"; };
		087B66101666BC5900E5D840 /* directionarrow_tableview@2x.png */ = {isa = PBXFileReference; lastKnownFileType = image.png; path = "directionarrow_tableview@2x.png"; sourceTree = "<group>"; };
		087B66121666C0B200E5D840 /* appicon.png */ = {isa = PBXFileReference; lastKnownFileType = image.png; name = appicon.png; path = ../appicon.png; sourceTree = "<group>"; };
		087B66141666C0DB00E5D840 /* appicon_sm.png */ = {isa = PBXFileReference; lastKnownFileType = image.png; name = appicon_sm.png; path = ../appicon_sm.png; sourceTree = "<group>"; };
		087B66161666C12E00E5D840 /* carriage_line.png */ = {isa = PBXFileReference; lastKnownFileType = image.png; path = carriage_line.png; sourceTree = "<group>"; };
		087B661A1666C3DD00E5D840 /* babyonphone.jpeg */ = {isa = PBXFileReference; lastKnownFileType = image.jpeg; path = babyonphone.jpeg; sourceTree = "<group>"; };
		087B66361668AE1A00E5D840 /* tabbar.png */ = {isa = PBXFileReference; lastKnownFileType = image.png; path = tabbar.png; sourceTree = "<group>"; };
		087B66381668C2BE00E5D840 /* GPGreenButton.h */ = {isa = PBXFileReference; fileEncoding = 4; lastKnownFileType = sourcecode.c.h; path = GPGreenButton.h; sourceTree = "<group>"; };
		087B66391668C2BE00E5D840 /* GPGreenButton.m */ = {isa = PBXFileReference; fileEncoding = 4; lastKnownFileType = sourcecode.c.objc; path = GPGreenButton.m; sourceTree = "<group>"; };
		087EC4F2165F856C009E58B0 /* RestKit.xcodeproj */ = {isa = PBXFileReference; lastKnownFileType = "wrapper.pb-project"; name = RestKit.xcodeproj; path = RestKit/RestKit.xcodeproj; sourceTree = "<group>"; };
		087EC50A165F8AEE009E58B0 /* GPJournal.h */ = {isa = PBXFileReference; fileEncoding = 4; lastKnownFileType = sourcecode.c.h; path = GPJournal.h; sourceTree = "<group>"; };
		087EC50B165F8AEE009E58B0 /* GPJournal.m */ = {isa = PBXFileReference; fileEncoding = 4; lastKnownFileType = sourcecode.c.objc; path = GPJournal.m; sourceTree = "<group>"; };
		087EC51A165F99AD009E58B0 /* GPJournals.h */ = {isa = PBXFileReference; fileEncoding = 4; lastKnownFileType = sourcecode.c.h; path = GPJournals.h; sourceTree = "<group>"; };
		087EC51B165F99AD009E58B0 /* GPJournals.m */ = {isa = PBXFileReference; fileEncoding = 4; lastKnownFileType = sourcecode.c.objc; path = GPJournals.m; sourceTree = "<group>"; };
		08848EA6165AEEAF00F0EE69 /* CFNetwork.framework */ = {isa = PBXFileReference; lastKnownFileType = wrapper.framework; name = CFNetwork.framework; path = System/Library/Frameworks/CFNetwork.framework; sourceTree = SDKROOT; };
		08848EA7165AEEAF00F0EE69 /* CoreData.framework */ = {isa = PBXFileReference; lastKnownFileType = wrapper.framework; name = CoreData.framework; path = System/Library/Frameworks/CoreData.framework; sourceTree = SDKROOT; };
		08848EA8165AEEAF00F0EE69 /* libxml2.dylib */ = {isa = PBXFileReference; lastKnownFileType = "compiled.mach-o.dylib"; name = libxml2.dylib; path = usr/lib/libxml2.dylib; sourceTree = SDKROOT; };
		08848EA9165AEEAF00F0EE69 /* MobileCoreServices.framework */ = {isa = PBXFileReference; lastKnownFileType = wrapper.framework; name = MobileCoreServices.framework; path = System/Library/Frameworks/MobileCoreServices.framework; sourceTree = SDKROOT; };
		08848EAA165AEEB000F0EE69 /* QuartzCore.framework */ = {isa = PBXFileReference; lastKnownFileType = wrapper.framework; name = QuartzCore.framework; path = System/Library/Frameworks/QuartzCore.framework; sourceTree = SDKROOT; };
		08848EAB165AEEB000F0EE69 /* Security.framework */ = {isa = PBXFileReference; lastKnownFileType = wrapper.framework; name = Security.framework; path = System/Library/Frameworks/Security.framework; sourceTree = SDKROOT; };
		08848EAC165AEEB000F0EE69 /* SystemConfiguration.framework */ = {isa = PBXFileReference; lastKnownFileType = wrapper.framework; name = SystemConfiguration.framework; path = System/Library/Frameworks/SystemConfiguration.framework; sourceTree = SDKROOT; };
		08848EB5165B132100F0EE69 /* Localizable.strings */ = {isa = PBXFileReference; fileEncoding = 4; lastKnownFileType = text.plist.strings; path = Localizable.strings; sourceTree = "<group>"; };
		08848EB8165B1A2800F0EE69 /* GPUser.h */ = {isa = PBXFileReference; fileEncoding = 4; lastKnownFileType = sourcecode.c.h; path = GPUser.h; sourceTree = "<group>"; };
		08848EB9165B1A2800F0EE69 /* GPUser.m */ = {isa = PBXFileReference; fileEncoding = 4; lastKnownFileType = sourcecode.c.objc; path = GPUser.m; sourceTree = "<group>"; };
		08848EBB165B5FAF00F0EE69 /* GPModels.h */ = {isa = PBXFileReference; fileEncoding = 4; lastKnownFileType = sourcecode.c.h; path = GPModels.h; sourceTree = "<group>"; };
		08848EBE165B639B00F0EE69 /* GPLoginViewController.h */ = {isa = PBXFileReference; fileEncoding = 4; lastKnownFileType = sourcecode.c.h; name = GPLoginViewController.h; path = GrowingPains/GPLoginViewController.h; sourceTree = "<group>"; };
		08848EBF165B639B00F0EE69 /* GPLoginViewController.m */ = {isa = PBXFileReference; fileEncoding = 4; lastKnownFileType = sourcecode.c.objc; name = GPLoginViewController.m; path = GrowingPains/GPLoginViewController.m; sourceTree = "<group>"; };
		08848EC1165B669100F0EE69 /* GPHelpers.h */ = {isa = PBXFileReference; fileEncoding = 4; lastKnownFileType = sourcecode.c.h; name = GPHelpers.h; path = ../GPHelpers.h; sourceTree = "<group>"; };
		08848EC2165B669100F0EE69 /* GPHelpers.m */ = {isa = PBXFileReference; fileEncoding = 4; lastKnownFileType = sourcecode.c.objc; name = GPHelpers.m; path = ../GPHelpers.m; sourceTree = "<group>"; };
		08848EC5165B74F500F0EE69 /* GPSignUpViewController.h */ = {isa = PBXFileReference; fileEncoding = 4; lastKnownFileType = sourcecode.c.h; path = GPSignUpViewController.h; sourceTree = "<group>"; };
		08848EC6165B74F500F0EE69 /* GPSignUpViewController.m */ = {isa = PBXFileReference; fileEncoding = 4; lastKnownFileType = sourcecode.c.objc; path = GPSignUpViewController.m; sourceTree = "<group>"; };
		08848EC8165C401A00F0EE69 /* GPUserSingleton.h */ = {isa = PBXFileReference; fileEncoding = 4; lastKnownFileType = sourcecode.c.h; path = GPUserSingleton.h; sourceTree = "<group>"; };
		08848EC9165C401A00F0EE69 /* GPUserSingleton.m */ = {isa = PBXFileReference; fileEncoding = 4; lastKnownFileType = sourcecode.c.objc; path = GPUserSingleton.m; sourceTree = "<group>"; };
		08848ECB165C413F00F0EE69 /* SynthesizeSingleton.h */ = {isa = PBXFileReference; fileEncoding = 4; lastKnownFileType = sourcecode.c.h; path = SynthesizeSingleton.h; sourceTree = "<group>"; };
		08848ECE165C43CA00F0EE69 /* GPConstants.h */ = {isa = PBXFileReference; fileEncoding = 4; lastKnownFileType = sourcecode.c.h; path = GPConstants.h; sourceTree = "<group>"; };
		08848ECF165C43CA00F0EE69 /* GPConstants.m */ = {isa = PBXFileReference; fileEncoding = 4; lastKnownFileType = sourcecode.c.objc; path = GPConstants.m; sourceTree = "<group>"; };
		0885CF6E1613C71F00B357D1 /* GrowingPains.app */ = {isa = PBXFileReference; explicitFileType = wrapper.application; includeInIndex = 0; path = GrowingPains.app; sourceTree = BUILT_PRODUCTS_DIR; };
		0885CF721613C71F00B357D1 /* UIKit.framework */ = {isa = PBXFileReference; lastKnownFileType = wrapper.framework; name = UIKit.framework; path = System/Library/Frameworks/UIKit.framework; sourceTree = SDKROOT; };
		0885CF741613C71F00B357D1 /* Foundation.framework */ = {isa = PBXFileReference; lastKnownFileType = wrapper.framework; name = Foundation.framework; path = System/Library/Frameworks/Foundation.framework; sourceTree = SDKROOT; };
		0885CF761613C71F00B357D1 /* CoreGraphics.framework */ = {isa = PBXFileReference; lastKnownFileType = wrapper.framework; name = CoreGraphics.framework; path = System/Library/Frameworks/CoreGraphics.framework; sourceTree = SDKROOT; };
		0885CF7A1613C71F00B357D1 /* GrowingPains-Info.plist */ = {isa = PBXFileReference; lastKnownFileType = text.plist.xml; path = "GrowingPains-Info.plist"; sourceTree = "<group>"; };
		0885CF7C1613C71F00B357D1 /* en */ = {isa = PBXFileReference; lastKnownFileType = text.plist.strings; name = en; path = en.lproj/InfoPlist.strings; sourceTree = "<group>"; };
		0885CF7E1613C71F00B357D1 /* main.m */ = {isa = PBXFileReference; lastKnownFileType = sourcecode.c.objc; path = main.m; sourceTree = "<group>"; };
		0885CF801613C71F00B357D1 /* GrowingPains-Prefix.pch */ = {isa = PBXFileReference; lastKnownFileType = sourcecode.c.h; path = "GrowingPains-Prefix.pch"; sourceTree = "<group>"; };
		0885CF811613C71F00B357D1 /* GPAppDelegate.h */ = {isa = PBXFileReference; lastKnownFileType = sourcecode.c.h; path = GPAppDelegate.h; sourceTree = "<group>"; };
		0885CF821613C71F00B357D1 /* GPAppDelegate.m */ = {isa = PBXFileReference; lastKnownFileType = sourcecode.c.objc; path = GPAppDelegate.m; sourceTree = "<group>"; };
		0885CF8B1613C71F00B357D1 /* en */ = {isa = PBXFileReference; lastKnownFileType = file.storyboard; name = en; path = en.lproj/MainStoryboard.storyboard; sourceTree = "<group>"; };
		08A3611F1655F4730091B357 /* cutebaby.jpeg */ = {isa = PBXFileReference; lastKnownFileType = image.jpeg; path = cutebaby.jpeg; sourceTree = "<group>"; };
		08D126A21638F54D00AD9977 /* GPTimelineViewController.h */ = {isa = PBXFileReference; fileEncoding = 4; lastKnownFileType = sourcecode.c.h; name = GPTimelineViewController.h; path = GrowingPains/GPTimelineViewController.h; sourceTree = "<group>"; };
		08D126A31638F54D00AD9977 /* GPTimelineViewController.m */ = {isa = PBXFileReference; fileEncoding = 4; lastKnownFileType = sourcecode.c.objc; name = GPTimelineViewController.m; path = GrowingPains/GPTimelineViewController.m; sourceTree = "<group>"; };
		08D126AB1638FCC000AD9977 /* GPCreateJournalViewController.h */ = {isa = PBXFileReference; fileEncoding = 4; lastKnownFileType = sourcecode.c.h; name = GPCreateJournalViewController.h; path = GrowingPains/GPCreateJournalViewController.h; sourceTree = "<group>"; };
		08D126AC1638FCC000AD9977 /* GPCreateJournalViewController.m */ = {isa = PBXFileReference; fileEncoding = 4; lastKnownFileType = sourcecode.c.objc; name = GPCreateJournalViewController.m; path = GrowingPains/GPCreateJournalViewController.m; sourceTree = "<group>"; };
		341669FA1664453D0045484F /* GPJournalTabBarController.h */ = {isa = PBXFileReference; fileEncoding = 4; lastKnownFileType = sourcecode.c.h; path = GPJournalTabBarController.h; sourceTree = "<group>"; };
		341669FB1664453D0045484F /* GPJournalTabBarController.m */ = {isa = PBXFileReference; fileEncoding = 4; lastKnownFileType = sourcecode.c.objc; path = GPJournalTabBarController.m; sourceTree = "<group>"; };
		34166A21166496C80045484F /* GPEntry.h */ = {isa = PBXFileReference; fileEncoding = 4; lastKnownFileType = sourcecode.c.h; path = GPEntry.h; sourceTree = "<group>"; };
		34166A22166496C80045484F /* GPEntry.m */ = {isa = PBXFileReference; fileEncoding = 4; lastKnownFileType = sourcecode.c.objc; path = GPEntry.m; sourceTree = "<group>"; };
		34166A24166496D60045484F /* GPEntries.h */ = {isa = PBXFileReference; fileEncoding = 4; lastKnownFileType = sourcecode.c.h; path = GPEntries.h; sourceTree = "<group>"; };
		34166A25166496D60045484F /* GPEntries.m */ = {isa = PBXFileReference; fileEncoding = 4; lastKnownFileType = sourcecode.c.objc; path = GPEntries.m; sourceTree = "<group>"; };
		34166A2716649FEF0045484F /* GPPicture.h */ = {isa = PBXFileReference; fileEncoding = 4; lastKnownFileType = sourcecode.c.h; path = GPPicture.h; sourceTree = "<group>"; };
		34166A2816649FEF0045484F /* GPPicture.m */ = {isa = PBXFileReference; fileEncoding = 4; lastKnownFileType = sourcecode.c.objc; path = GPPicture.m; sourceTree = "<group>"; };
		34166A2A1664AD8E0045484F /* GPThumbnail.h */ = {isa = PBXFileReference; fileEncoding = 4; lastKnownFileType = sourcecode.c.h; path = GPThumbnail.h; sourceTree = "<group>"; };
		34166A2B1664AD8E0045484F /* GPThumbnail.m */ = {isa = PBXFileReference; fileEncoding = 4; lastKnownFileType = sourcecode.c.objc; path = GPThumbnail.m; sourceTree = "<group>"; };
		34486A401654B8D00059CA8C /* GPHomeScreenViewController.h */ = {isa = PBXFileReference; fileEncoding = 4; lastKnownFileType = sourcecode.c.h; name = GPHomeScreenViewController.h; path = GrowingPains/GPHomeScreenViewController.h; sourceTree = "<group>"; };
		34486A411654B8D00059CA8C /* GPHomeScreenViewController.m */ = {isa = PBXFileReference; fileEncoding = 4; lastKnownFileType = sourcecode.c.objc; name = GPHomeScreenViewController.m; path = GrowingPains/GPHomeScreenViewController.m; sourceTree = "<group>"; };
		3450DF1916576A41005F0A61 /* GPCreateEntryViewController.h */ = {isa = PBXFileReference; fileEncoding = 4; lastKnownFileType = sourcecode.c.h; name = GPCreateEntryViewController.h; path = GrowingPains/GPCreateEntryViewController.h; sourceTree = "<group>"; };
		3450DF1A16576A41005F0A61 /* GPCreateEntryViewController.m */ = {isa = PBXFileReference; fileEncoding = 4; lastKnownFileType = sourcecode.c.objc; name = GPCreateEntryViewController.m; path = GrowingPains/GPCreateEntryViewController.m; sourceTree = "<group>"; };
		3450DF8A1661DA8F005F0A61 /* TakePhoto.png */ = {isa = PBXFileReference; lastKnownFileType = image.png; path = TakePhoto.png; sourceTree = "<group>"; };
/* End PBXFileReference section */

/* Begin PBXFrameworksBuildPhase section */
		0885CF6B1613C71F00B357D1 /* Frameworks */ = {
			isa = PBXFrameworksBuildPhase;
			buildActionMask = 2147483647;
			files = (
				087EC509165F8620009E58B0 /* libRestKit.a in Frameworks */,
				08848EAD165AEEB000F0EE69 /* CFNetwork.framework in Frameworks */,
				08848EAE165AEEB000F0EE69 /* CoreData.framework in Frameworks */,
				08848EAF165AEEB000F0EE69 /* libxml2.dylib in Frameworks */,
				08848EB0165AEEB000F0EE69 /* MobileCoreServices.framework in Frameworks */,
				08848EB1165AEEB000F0EE69 /* QuartzCore.framework in Frameworks */,
				08848EB2165AEEB000F0EE69 /* Security.framework in Frameworks */,
				08848EB3165AEEB000F0EE69 /* SystemConfiguration.framework in Frameworks */,
				0885CF731613C71F00B357D1 /* UIKit.framework in Frameworks */,
				0885CF751613C71F00B357D1 /* Foundation.framework in Frameworks */,
				0885CF771613C71F00B357D1 /* CoreGraphics.framework in Frameworks */,
			);
			runOnlyForDeploymentPostprocessing = 0;
		};
/* End PBXFrameworksBuildPhase section */

/* Begin PBXGroup section */
		085285341650C5DD002044C6 /* Art */ = {
			isa = PBXGroup;
			children = (
				087B66361668AE1A00E5D840 /* tabbar.png */,
				087B66141666C0DB00E5D840 /* appicon_sm.png */,
				087B66121666C0B200E5D840 /* appicon.png */,
				087B661A1666C3DD00E5D840 /* babyonphone.jpeg */,
				087B66161666C12E00E5D840 /* carriage_line.png */,
				3450DF8A1661DA8F005F0A61 /* TakePhoto.png */,
				08A3611F1655F4730091B357 /* cutebaby.jpeg */,
				010B28261650E33300F65A34 /* calendar.png */,
				087B66101666BC5900E5D840 /* directionarrow_tableview@2x.png */,
				010B28231650D05800F65A34 /* baby-girl.jpeg */,
				087B660E1666B8CC00E5D840 /* pressedcreate.png */,
				085285391650C616002044C6 /* Default-568h@2x.png */,
				0852853A1650C616002044C6 /* Default.png */,
				0852853B1650C616002044C6 /* Default@2x.png */,
				085285351650C5F4002044C6 /* circle_images.png */,
				085285361650C5F4002044C6 /* vertical_timeline.png */,
				087B66081666B5F200E5D840 /* addbutton@2x.png */,
				087B66091666B5F200E5D840 /* navbar@2x.png */,
				087B660A1666B5F200E5D840 /* settingsbutton@2x.png */,
			);
			name = Art;
			sourceTree = "<group>";
		};
		08590E0716650329004EEE62 /* Views */ = {
			isa = PBXGroup;
			children = (
				08590E0816650358004EEE62 /* DejalActivityView.h */,
				08590E0916650358004EEE62 /* DejalActivityView.m */,
				087B66381668C2BE00E5D840 /* GPGreenButton.h */,
				087B66391668C2BE00E5D840 /* GPGreenButton.m */,
			);
			name = Views;
			sourceTree = "<group>";
		};
		08590E2D1665D808004EEE62 /* Security */ = {
			isa = PBXGroup;
			children = (
				08590E321665D8F2004EEE62 /* STKeychain.h */,
				08590E331665D8F2004EEE62 /* STKeychain.m */,
			);
			name = Security;
			sourceTree = "<group>";
		};
		08590E7116665AA6004EEE62 /* Fonts */ = {
			isa = PBXGroup;
			children = (
				08590E7216665C32004EEE62 /* Sanchez-Regular.ttf */,
			);
			name = Fonts;
			sourceTree = "<group>";
		};
		087EC4F3165F856C009E58B0 /* Products */ = {
			isa = PBXGroup;
			children = (
				087EC4FE165F856C009E58B0 /* libRestKit.a */,
				087EC500165F856C009E58B0 /* RestKitTests.octest */,
				087EC502165F856C009E58B0 /* RestKit.framework */,
				087EC504165F856C009E58B0 /* RestKitFrameworkTests.octest */,
				087EC506165F856C009E58B0 /* RestKitResources.bundle */,
			);
			name = Products;
			sourceTree = "<group>";
		};
		08848EB7165B139E00F0EE69 /* Models */ = {
			isa = PBXGroup;
			children = (
				08848EBB165B5FAF00F0EE69 /* GPModels.h */,
				08848EC8165C401A00F0EE69 /* GPUserSingleton.h */,
				08848EC9165C401A00F0EE69 /* GPUserSingleton.m */,
				08848EB8165B1A2800F0EE69 /* GPUser.h */,
				08848EB9165B1A2800F0EE69 /* GPUser.m */,
				087EC50A165F8AEE009E58B0 /* GPJournal.h */,
				087EC50B165F8AEE009E58B0 /* GPJournal.m */,
				087EC51A165F99AD009E58B0 /* GPJournals.h */,
				087EC51B165F99AD009E58B0 /* GPJournals.m */,
				34166A21166496C80045484F /* GPEntry.h */,
				34166A22166496C80045484F /* GPEntry.m */,
				34166A24166496D60045484F /* GPEntries.h */,
				34166A25166496D60045484F /* GPEntries.m */,
				34166A2716649FEF0045484F /* GPPicture.h */,
				34166A2816649FEF0045484F /* GPPicture.m */,
				34166A2A1664AD8E0045484F /* GPThumbnail.h */,
				34166A2B1664AD8E0045484F /* GPThumbnail.m */,
			);
			name = Models;
			path = ..;
			sourceTree = "<group>";
		};
		08848EC4165B66D100F0EE69 /* Controllers */ = {
			isa = PBXGroup;
			children = (
				08848EBE165B639B00F0EE69 /* GPLoginViewController.h */,
				08848EBF165B639B00F0EE69 /* GPLoginViewController.m */,
				08848EC5165B74F500F0EE69 /* GPSignUpViewController.h */,
				08848EC6165B74F500F0EE69 /* GPSignUpViewController.m */,
				08590E2A1665D470004EEE62 /* GPSettingsViewController.h */,
				08590E2B1665D470004EEE62 /* GPSettingsViewController.m */,
				34486A401654B8D00059CA8C /* GPHomeScreenViewController.h */,
				34486A411654B8D00059CA8C /* GPHomeScreenViewController.m */,
				341669FA1664453D0045484F /* GPJournalTabBarController.h */,
				341669FB1664453D0045484F /* GPJournalTabBarController.m */,
				08D126AB1638FCC000AD9977 /* GPCreateJournalViewController.h */,
				08D126AC1638FCC000AD9977 /* GPCreateJournalViewController.m */,
				08D126A21638F54D00AD9977 /* GPTimelineViewController.h */,
				08D126A31638F54D00AD9977 /* GPTimelineViewController.m */,
				3450DF1916576A41005F0A61 /* GPCreateEntryViewController.h */,
				3450DF1A16576A41005F0A61 /* GPCreateEntryViewController.m */,
				08590E7416669940004EEE62 /* GPEntryViewController.h */,
				08590E7516669941004EEE62 /* GPEntryViewController.m */,
			);
			name = Controllers;
			path = ..;
			sourceTree = "<group>";
		};
		0885CF631613C71F00B357D1 = {
			isa = PBXGroup;
			children = (
				087EC4F2165F856C009E58B0 /* RestKit.xcodeproj */,
				0885CF781613C71F00B357D1 /* GrowingPains */,
				0885CF711613C71F00B357D1 /* Frameworks */,
				0885CF6F1613C71F00B357D1 /* Products */,
			);
			sourceTree = "<group>";
		};
		0885CF6F1613C71F00B357D1 /* Products */ = {
			isa = PBXGroup;
			children = (
				0885CF6E1613C71F00B357D1 /* GrowingPains.app */,
			);
			name = Products;
			sourceTree = "<group>";
		};
		0885CF711613C71F00B357D1 /* Frameworks */ = {
			isa = PBXGroup;
			children = (
				08848EA6165AEEAF00F0EE69 /* CFNetwork.framework */,
				08848EA7165AEEAF00F0EE69 /* CoreData.framework */,
				08848EA8165AEEAF00F0EE69 /* libxml2.dylib */,
				08848EA9165AEEAF00F0EE69 /* MobileCoreServices.framework */,
				08848EAA165AEEB000F0EE69 /* QuartzCore.framework */,
				08848EAB165AEEB000F0EE69 /* Security.framework */,
				08848EAC165AEEB000F0EE69 /* SystemConfiguration.framework */,
				0885CF721613C71F00B357D1 /* UIKit.framework */,
				0885CF741613C71F00B357D1 /* Foundation.framework */,
				0885CF761613C71F00B357D1 /* CoreGraphics.framework */,
			);
			name = Frameworks;
			sourceTree = "<group>";
		};
		0885CF781613C71F00B357D1 /* GrowingPains */ = {
			isa = PBXGroup;
			children = (
				0885CF811613C71F00B357D1 /* GPAppDelegate.h */,
				0885CF821613C71F00B357D1 /* GPAppDelegate.m */,
				0885CF8A1613C71F00B357D1 /* MainStoryboard.storyboard */,
				08848EC1165B669100F0EE69 /* GPHelpers.h */,
				08848EC2165B669100F0EE69 /* GPHelpers.m */,
				08848ECB165C413F00F0EE69 /* SynthesizeSingleton.h */,
				08848ECE165C43CA00F0EE69 /* GPConstants.h */,
				08848ECF165C43CA00F0EE69 /* GPConstants.m */,
				08848EB7165B139E00F0EE69 /* Models */,
				08590E0716650329004EEE62 /* Views */,
				08848EC4165B66D100F0EE69 /* Controllers */,
				085285341650C5DD002044C6 /* Art */,
				08590E7116665AA6004EEE62 /* Fonts */,
				08590E2D1665D808004EEE62 /* Security */,
				0885CF791613C71F00B357D1 /* Supporting Files */,
			);
			path = GrowingPains;
			sourceTree = "<group>";
		};
		0885CF791613C71F00B357D1 /* Supporting Files */ = {
			isa = PBXGroup;
			children = (
				0885CF7A1613C71F00B357D1 /* GrowingPains-Info.plist */,
				0885CF7B1613C71F00B357D1 /* InfoPlist.strings */,
				0885CF7E1613C71F00B357D1 /* main.m */,
				0885CF801613C71F00B357D1 /* GrowingPains-Prefix.pch */,
				08848EB5165B132100F0EE69 /* Localizable.strings */,
			);
			name = "Supporting Files";
			sourceTree = "<group>";
		};
/* End PBXGroup section */

/* Begin PBXNativeTarget section */
		0885CF6D1613C71F00B357D1 /* GrowingPains */ = {
			isa = PBXNativeTarget;
			buildConfigurationList = 0885CF921613C71F00B357D1 /* Build configuration list for PBXNativeTarget "GrowingPains" */;
			buildPhases = (
				0885CF6A1613C71F00B357D1 /* Sources */,
				0885CF6B1613C71F00B357D1 /* Frameworks */,
				0885CF6C1613C71F00B357D1 /* Resources */,
			);
			buildRules = (
			);
			dependencies = (
				087EC508165F85CB009E58B0 /* PBXTargetDependency */,
			);
			name = GrowingPains;
			productName = GrowingPains;
			productReference = 0885CF6E1613C71F00B357D1 /* GrowingPains.app */;
			productType = "com.apple.product-type.application";
		};
/* End PBXNativeTarget section */

/* Begin PBXProject section */
		0885CF651613C71F00B357D1 /* Project object */ = {
			isa = PBXProject;
			attributes = {
				CLASSPREFIX = GP;
				LastUpgradeCheck = 0450;
				ORGANIZATIONNAME = "Kyle Clegg";
			};
			buildConfigurationList = 0885CF681613C71F00B357D1 /* Build configuration list for PBXProject "GrowingPains" */;
			compatibilityVersion = "Xcode 3.2";
			developmentRegion = English;
			hasScannedForEncodings = 0;
			knownRegions = (
				en,
			);
			mainGroup = 0885CF631613C71F00B357D1;
			productRefGroup = 0885CF6F1613C71F00B357D1 /* Products */;
			projectDirPath = "";
			projectReferences = (
				{
					ProductGroup = 087EC4F3165F856C009E58B0 /* Products */;
					ProjectRef = 087EC4F2165F856C009E58B0 /* RestKit.xcodeproj */;
				},
			);
			projectRoot = "";
			targets = (
				0885CF6D1613C71F00B357D1 /* GrowingPains */,
			);
		};
/* End PBXProject section */

/* Begin PBXReferenceProxy section */
		087EC4FE165F856C009E58B0 /* libRestKit.a */ = {
			isa = PBXReferenceProxy;
			fileType = archive.ar;
			path = libRestKit.a;
			remoteRef = 087EC4FD165F856C009E58B0 /* PBXContainerItemProxy */;
			sourceTree = BUILT_PRODUCTS_DIR;
		};
		087EC500165F856C009E58B0 /* RestKitTests.octest */ = {
			isa = PBXReferenceProxy;
			fileType = wrapper.cfbundle;
			path = RestKitTests.octest;
			remoteRef = 087EC4FF165F856C009E58B0 /* PBXContainerItemProxy */;
			sourceTree = BUILT_PRODUCTS_DIR;
		};
		087EC502165F856C009E58B0 /* RestKit.framework */ = {
			isa = PBXReferenceProxy;
			fileType = wrapper.framework;
			path = RestKit.framework;
			remoteRef = 087EC501165F856C009E58B0 /* PBXContainerItemProxy */;
			sourceTree = BUILT_PRODUCTS_DIR;
		};
		087EC504165F856C009E58B0 /* RestKitFrameworkTests.octest */ = {
			isa = PBXReferenceProxy;
			fileType = wrapper.cfbundle;
			path = RestKitFrameworkTests.octest;
			remoteRef = 087EC503165F856C009E58B0 /* PBXContainerItemProxy */;
			sourceTree = BUILT_PRODUCTS_DIR;
		};
		087EC506165F856C009E58B0 /* RestKitResources.bundle */ = {
			isa = PBXReferenceProxy;
			fileType = wrapper.cfbundle;
			path = RestKitResources.bundle;
			remoteRef = 087EC505165F856C009E58B0 /* PBXContainerItemProxy */;
			sourceTree = BUILT_PRODUCTS_DIR;
		};
/* End PBXReferenceProxy section */

/* Begin PBXResourcesBuildPhase section */
		0885CF6C1613C71F00B357D1 /* Resources */ = {
			isa = PBXResourcesBuildPhase;
			buildActionMask = 2147483647;
			files = (
				0885CF7D1613C71F00B357D1 /* InfoPlist.strings in Resources */,
				0885CF8C1613C71F00B357D1 /* MainStoryboard.storyboard in Resources */,
				085285371650C5F4002044C6 /* circle_images.png in Resources */,
				085285381650C5F4002044C6 /* vertical_timeline.png in Resources */,
				0852853C1650C616002044C6 /* Default-568h@2x.png in Resources */,
				0852853D1650C616002044C6 /* Default.png in Resources */,
				0852853E1650C616002044C6 /* Default@2x.png in Resources */,
				010B28241650D05800F65A34 /* baby-girl.jpeg in Resources */,
				010B28271650E33300F65A34 /* calendar.png in Resources */,
				08A361201655F4730091B357 /* cutebaby.jpeg in Resources */,
				08848EB6165B132100F0EE69 /* Localizable.strings in Resources */,
				3450DF8B1661DA8F005F0A61 /* TakePhoto.png in Resources */,
				08590E7316665C32004EEE62 /* Sanchez-Regular.ttf in Resources */,
				087B660B1666B5F200E5D840 /* addbutton@2x.png in Resources */,
				087B660C1666B5F200E5D840 /* navbar@2x.png in Resources */,
				087B660D1666B5F200E5D840 /* settingsbutton@2x.png in Resources */,
				087B660F1666B8CC00E5D840 /* pressedcreate.png in Resources */,
				087B66111666BC5900E5D840 /* directionarrow_tableview@2x.png in Resources */,
				087B66131666C0B200E5D840 /* appicon.png in Resources */,
				087B66151666C0DB00E5D840 /* appicon_sm.png in Resources */,
				087B66171666C12E00E5D840 /* carriage_line.png in Resources */,
				087B661B1666C3DD00E5D840 /* babyonphone.jpeg in Resources */,
				087B66371668AE1A00E5D840 /* tabbar.png in Resources */,
			);
			runOnlyForDeploymentPostprocessing = 0;
		};
/* End PBXResourcesBuildPhase section */

/* Begin PBXSourcesBuildPhase section */
		0885CF6A1613C71F00B357D1 /* Sources */ = {
			isa = PBXSourcesBuildPhase;
			buildActionMask = 2147483647;
			files = (
				08590E0A16650367004EEE62 /* DejalActivityView.m in Sources */,
				0885CF7F1613C71F00B357D1 /* main.m in Sources */,
				0885CF831613C71F00B357D1 /* GPAppDelegate.m in Sources */,
				08D126A41638F54D00AD9977 /* GPTimelineViewController.m in Sources */,
				08D126AD1638FCC000AD9977 /* GPCreateJournalViewController.m in Sources */,
				34486A421654B8D00059CA8C /* GPHomeScreenViewController.m in Sources */,
				3450DF1B16576A41005F0A61 /* GPCreateEntryViewController.m in Sources */,
				08848EBA165B1A2800F0EE69 /* GPUser.m in Sources */,
				08848EC0165B639C00F0EE69 /* GPLoginViewController.m in Sources */,
				08848EC3165B669100F0EE69 /* GPHelpers.m in Sources */,
				08848EC7165B74F500F0EE69 /* GPSignUpViewController.m in Sources */,
				08848ECA165C401A00F0EE69 /* GPUserSingleton.m in Sources */,
				08848ED0165C43CA00F0EE69 /* GPConstants.m in Sources */,
				087EC50C165F8AEE009E58B0 /* GPJournal.m in Sources */,
				087EC51C165F99AD009E58B0 /* GPJournals.m in Sources */,
				341669FC1664453D0045484F /* GPJournalTabBarController.m in Sources */,
				34166A23166496C80045484F /* GPEntry.m in Sources */,
				34166A26166496D60045484F /* GPEntries.m in Sources */,
				34166A2916649FEF0045484F /* GPPicture.m in Sources */,
				34166A2C1664AD8F0045484F /* GPThumbnail.m in Sources */,
				08590E2C1665D470004EEE62 /* GPSettingsViewController.m in Sources */,
				08590E341665D8F2004EEE62 /* STKeychain.m in Sources */,
				08590E7616669943004EEE62 /* GPEntryViewController.m in Sources */,
				087B663A1668C2BE00E5D840 /* GPGreenButton.m in Sources */,
			);
			runOnlyForDeploymentPostprocessing = 0;
		};
/* End PBXSourcesBuildPhase section */

/* Begin PBXTargetDependency section */
		087EC508165F85CB009E58B0 /* PBXTargetDependency */ = {
			isa = PBXTargetDependency;
			name = RestKit;
			targetProxy = 087EC507165F85CB009E58B0 /* PBXContainerItemProxy */;
		};
/* End PBXTargetDependency section */

/* Begin PBXVariantGroup section */
		0885CF7B1613C71F00B357D1 /* InfoPlist.strings */ = {
			isa = PBXVariantGroup;
			children = (
				0885CF7C1613C71F00B357D1 /* en */,
			);
			name = InfoPlist.strings;
			sourceTree = "<group>";
		};
		0885CF8A1613C71F00B357D1 /* MainStoryboard.storyboard */ = {
			isa = PBXVariantGroup;
			children = (
				0885CF8B1613C71F00B357D1 /* en */,
			);
			name = MainStoryboard.storyboard;
			sourceTree = "<group>";
		};
/* End PBXVariantGroup section */

/* Begin XCBuildConfiguration section */
		0885CF901613C71F00B357D1 /* Debug */ = {
			isa = XCBuildConfiguration;
			buildSettings = {
				ALWAYS_SEARCH_USER_PATHS = NO;
				CLANG_CXX_LANGUAGE_STANDARD = "gnu++0x";
				CLANG_CXX_LIBRARY = "libc++";
				CLANG_ENABLE_OBJC_ARC = YES;
				CLANG_WARN_EMPTY_BODY = YES;
				CLANG_WARN__DUPLICATE_METHOD_MATCH = YES;
				"CODE_SIGN_IDENTITY[sdk=iphoneos*]" = "iPhone Developer";
				COPY_PHASE_STRIP = NO;
				GCC_C_LANGUAGE_STANDARD = gnu99;
				GCC_DYNAMIC_NO_PIC = NO;
				GCC_OPTIMIZATION_LEVEL = 0;
				GCC_PREPROCESSOR_DEFINITIONS = (
					"DEBUG=1",
					"$(inherited)",
				);
				GCC_SYMBOLS_PRIVATE_EXTERN = NO;
				GCC_WARN_ABOUT_RETURN_TYPE = YES;
				GCC_WARN_UNINITIALIZED_AUTOS = YES;
				GCC_WARN_UNUSED_VARIABLE = YES;
				IPHONEOS_DEPLOYMENT_TARGET = 6.0;
				SDKROOT = iphoneos;
			};
			name = Debug;
		};
		0885CF911613C71F00B357D1 /* Release */ = {
			isa = XCBuildConfiguration;
			buildSettings = {
				ALWAYS_SEARCH_USER_PATHS = NO;
				CLANG_CXX_LANGUAGE_STANDARD = "gnu++0x";
				CLANG_CXX_LIBRARY = "libc++";
				CLANG_ENABLE_OBJC_ARC = YES;
				CLANG_WARN_EMPTY_BODY = YES;
				CLANG_WARN__DUPLICATE_METHOD_MATCH = YES;
				"CODE_SIGN_IDENTITY[sdk=iphoneos*]" = "iPhone Developer";
				COPY_PHASE_STRIP = YES;
				GCC_C_LANGUAGE_STANDARD = gnu99;
				GCC_WARN_ABOUT_RETURN_TYPE = YES;
				GCC_WARN_UNINITIALIZED_AUTOS = YES;
				GCC_WARN_UNUSED_VARIABLE = YES;
				IPHONEOS_DEPLOYMENT_TARGET = 6.0;
				OTHER_CFLAGS = "-DNS_BLOCK_ASSERTIONS=1";
				SDKROOT = iphoneos;
				VALIDATE_PRODUCT = YES;
			};
			name = Release;
		};
		0885CF931613C71F00B357D1 /* Debug */ = {
			isa = XCBuildConfiguration;
			buildSettings = {
				GCC_PRECOMPILE_PREFIX_HEADER = YES;
				GCC_PREFIX_HEADER = "GrowingPains/GrowingPains-Prefix.pch";
				HEADER_SEARCH_PATHS = "\"$(BUILT_PRODUCTS_DIR)/../../Headers\"";
				INFOPLIST_FILE = "GrowingPains/GrowingPains-Info.plist";
				OTHER_LDFLAGS = (
					"-ObjC",
					"-all_load",
				);
				PRODUCT_NAME = "$(TARGET_NAME)";
				WRAPPER_EXTENSION = app;
			};
			name = Debug;
		};
		0885CF941613C71F00B357D1 /* Release */ = {
			isa = XCBuildConfiguration;
			buildSettings = {
				GCC_PRECOMPILE_PREFIX_HEADER = YES;
				GCC_PREFIX_HEADER = "GrowingPains/GrowingPains-Prefix.pch";
				HEADER_SEARCH_PATHS = "\"$(BUILT_PRODUCTS_DIR)/../../Headers\"";
				INFOPLIST_FILE = "GrowingPains/GrowingPains-Info.plist";
				OTHER_LDFLAGS = (
					"-ObjC",
					"-all_load",
				);
				PRODUCT_NAME = "$(TARGET_NAME)";
				WRAPPER_EXTENSION = app;
			};
			name = Release;
		};
/* End XCBuildConfiguration section */

/* Begin XCConfigurationList section */
		0885CF681613C71F00B357D1 /* Build configuration list for PBXProject "GrowingPains" */ = {
			isa = XCConfigurationList;
			buildConfigurations = (
				0885CF901613C71F00B357D1 /* Debug */,
				0885CF911613C71F00B357D1 /* Release */,
			);
			defaultConfigurationIsVisible = 0;
			defaultConfigurationName = Release;
		};
		0885CF921613C71F00B357D1 /* Build configuration list for PBXNativeTarget "GrowingPains" */ = {
			isa = XCConfigurationList;
			buildConfigurations = (
				0885CF931613C71F00B357D1 /* Debug */,
				0885CF941613C71F00B357D1 /* Release */,
			);
			defaultConfigurationIsVisible = 0;
			defaultConfigurationName = Release;
		};
/* End XCConfigurationList section */
	};
	rootObject = 0885CF651613C71F00B357D1 /* Project object */;
}
